// !$*UTF8*$!
{
	archiveVersion = 1;
	classes = {
	};
	objectVersion = 50;
	objects = {

/* Begin PBXBuildFile section */
		D98219BB21EA7EA50082389E /* AppDelegate.swift in Sources */ = {isa = PBXBuildFile; fileRef = D98219BA21EA7EA50082389E /* AppDelegate.swift */; };
		D98219C021EA7EA50082389E /* Main.storyboard in Resources */ = {isa = PBXBuildFile; fileRef = D98219BE21EA7EA50082389E /* Main.storyboard */; };
		D98219C221EA7EA50082389E /* Assets.xcassets in Resources */ = {isa = PBXBuildFile; fileRef = D98219C121EA7EA50082389E /* Assets.xcassets */; };
		D98219D221EA822D0082389E /* MainCoordinator.swift in Sources */ = {isa = PBXBuildFile; fileRef = D98219D121EA822D0082389E /* MainCoordinator.swift */; };
		D98219D421EA826E0082389E /* ApplicationCoordinator.swift in Sources */ = {isa = PBXBuildFile; fileRef = D98219D321EA826E0082389E /* ApplicationCoordinator.swift */; };
		D98219D621EA82A00082389E /* BaseCoordinator.swift in Sources */ = {isa = PBXBuildFile; fileRef = D98219D521EA82A00082389E /* BaseCoordinator.swift */; };
		D98219D921EA83A50082389E /* MainNavigationController.swift in Sources */ = {isa = PBXBuildFile; fileRef = D98219D821EA83A50082389E /* MainNavigationController.swift */; };
		D98219DB21EA83DB0082389E /* MainViewController.swift in Sources */ = {isa = PBXBuildFile; fileRef = D98219DA21EA83DB0082389E /* MainViewController.swift */; };
		D98219DE21EA84900082389E /* StoryboardHelper.swift in Sources */ = {isa = PBXBuildFile; fileRef = D98219DD21EA84900082389E /* StoryboardHelper.swift */; };
		D98219E121EBC6FF0082389E /* PetsClassifier.mlmodel in Sources */ = {isa = PBXBuildFile; fileRef = D98219E021EBC6FF0082389E /* PetsClassifier.mlmodel */; };
		D98219E821EBC8470082389E /* Localizable.strings in Resources */ = {isa = PBXBuildFile; fileRef = D98219EA21EBC8470082389E /* Localizable.strings */; };
		D98219EE21EBC8D50082389E /* String+Localizable.swift in Sources */ = {isa = PBXBuildFile; fileRef = D98219ED21EBC8D50082389E /* String+Localizable.swift */; };
		D98219F021EBCBD60082389E /* CGImagePropertyOrientation.swift in Sources */ = {isa = PBXBuildFile; fileRef = D98219EF21EBCBD60082389E /* CGImagePropertyOrientation.swift */; };
/* End PBXBuildFile section */

/* Begin PBXFileReference section */
		D98219B721EA7EA50082389E /* CatorDog.app */ = {isa = PBXFileReference; explicitFileType = wrapper.application; includeInIndex = 0; path = CatorDog.app; sourceTree = BUILT_PRODUCTS_DIR; };
		D98219BA21EA7EA50082389E /* AppDelegate.swift */ = {isa = PBXFileReference; lastKnownFileType = sourcecode.swift; path = AppDelegate.swift; sourceTree = "<group>"; };
		D98219BF21EA7EA50082389E /* Base */ = {isa = PBXFileReference; lastKnownFileType = file.storyboard; name = Base; path = Base.lproj/Main.storyboard; sourceTree = "<group>"; };
		D98219C121EA7EA50082389E /* Assets.xcassets */ = {isa = PBXFileReference; lastKnownFileType = folder.assetcatalog; path = Assets.xcassets; sourceTree = "<group>"; };
		D98219C621EA7EA50082389E /* Info.plist */ = {isa = PBXFileReference; lastKnownFileType = text.plist.xml; path = Info.plist; sourceTree = "<group>"; };
		D98219D121EA822D0082389E /* MainCoordinator.swift */ = {isa = PBXFileReference; lastKnownFileType = sourcecode.swift; path = MainCoordinator.swift; sourceTree = "<group>"; };
		D98219D321EA826E0082389E /* ApplicationCoordinator.swift */ = {isa = PBXFileReference; lastKnownFileType = sourcecode.swift; path = ApplicationCoordinator.swift; sourceTree = "<group>"; };
		D98219D521EA82A00082389E /* BaseCoordinator.swift */ = {isa = PBXFileReference; lastKnownFileType = sourcecode.swift; path = BaseCoordinator.swift; sourceTree = "<group>"; };
		D98219D821EA83A50082389E /* MainNavigationController.swift */ = {isa = PBXFileReference; lastKnownFileType = sourcecode.swift; path = MainNavigationController.swift; sourceTree = "<group>"; };
		D98219DA21EA83DB0082389E /* MainViewController.swift */ = {isa = PBXFileReference; lastKnownFileType = sourcecode.swift; path = MainViewController.swift; sourceTree = "<group>"; };
		D98219DD21EA84900082389E /* StoryboardHelper.swift */ = {isa = PBXFileReference; lastKnownFileType = sourcecode.swift; path = StoryboardHelper.swift; sourceTree = "<group>"; };
		D98219E021EBC6FF0082389E /* PetsClassifier.mlmodel */ = {isa = PBXFileReference; lastKnownFileType = file.mlmodel; path = PetsClassifier.mlmodel; sourceTree = "<group>"; };
		D98219E921EBC8470082389E /* ru */ = {isa = PBXFileReference; lastKnownFileType = text.plist.strings; name = ru; path = ru.lproj/Localizable.strings; sourceTree = "<group>"; };
		D98219EB21EBC84B0082389E /* en */ = {isa = PBXFileReference; lastKnownFileType = text.plist.strings; name = en; path = en.lproj/Localizable.strings; sourceTree = "<group>"; };
		D98219ED21EBC8D50082389E /* String+Localizable.swift */ = {isa = PBXFileReference; lastKnownFileType = sourcecode.swift; path = "String+Localizable.swift"; sourceTree = "<group>"; };
		D98219EF21EBCBD60082389E /* CGImagePropertyOrientation.swift */ = {isa = PBXFileReference; lastKnownFileType = sourcecode.swift; path = CGImagePropertyOrientation.swift; sourceTree = "<group>"; };
/* End PBXFileReference section */

/* Begin PBXFrameworksBuildPhase section */
		D98219B421EA7EA50082389E /* Frameworks */ = {
			isa = PBXFrameworksBuildPhase;
			buildActionMask = 2147483647;
			files = (
			);
			runOnlyForDeploymentPostprocessing = 0;
		};
/* End PBXFrameworksBuildPhase section */

/* Begin PBXGroup section */
		D98219AE21EA7EA50082389E = {
			isa = PBXGroup;
			children = (
				D98219B921EA7EA50082389E /* CatorDog */,
				D98219B821EA7EA50082389E /* Products */,
			);
			sourceTree = "<group>";
		};
		D98219B821EA7EA50082389E /* Products */ = {
			isa = PBXGroup;
			children = (
				D98219B721EA7EA50082389E /* CatorDog.app */,
			);
			name = Products;
			sourceTree = "<group>";
		};
		D98219B921EA7EA50082389E /* CatorDog */ = {
			isa = PBXGroup;
			children = (
				D98219CF21EA82100082389E /* Core */,
				D98219DF21EBC6E20082389E /* MLModels */,
				D98219CC21EA81910082389E /* Flow */,
				D98219DC21EA84790082389E /* Helpers */,
				D98219CE21EA81AE0082389E /* Support */,
				D98219EC21EBC8A30082389E /* Extensions */,
			);
			path = CatorDog;
			sourceTree = "<group>";
		};
		D98219CC21EA81910082389E /* Flow */ = {
			isa = PBXGroup;
			children = (
				D98219CD21EA819B0082389E /* Main */,
			);
			path = Flow;
			sourceTree = "<group>";
		};
		D98219CD21EA819B0082389E /* Main */ = {
			isa = PBXGroup;
			children = (
				D98219BE21EA7EA50082389E /* Main.storyboard */,
				D98219DA21EA83DB0082389E /* MainViewController.swift */,
			);
			path = Main;
			sourceTree = "<group>";
		};
		D98219CE21EA81AE0082389E /* Support */ = {
			isa = PBXGroup;
			children = (
				D98219BA21EA7EA50082389E /* AppDelegate.swift */,
				D98219C121EA7EA50082389E /* Assets.xcassets */,
				D98219C621EA7EA50082389E /* Info.plist */,
				D98219EA21EBC8470082389E /* Localizable.strings */,
			);
			path = Support;
			sourceTree = "<group>";
		};
		D98219CF21EA82100082389E /* Core */ = {
			isa = PBXGroup;
			children = (
				D98219D721EA838B0082389E /* MainNavigationController */,
				D98219D021EA82170082389E /* Coordinators */,
			);
			path = Core;
			sourceTree = "<group>";
		};
		D98219D021EA82170082389E /* Coordinators */ = {
			isa = PBXGroup;
			children = (
				D98219D121EA822D0082389E /* MainCoordinator.swift */,
				D98219D321EA826E0082389E /* ApplicationCoordinator.swift */,
				D98219D521EA82A00082389E /* BaseCoordinator.swift */,
			);
			path = Coordinators;
			sourceTree = "<group>";
		};
		D98219D721EA838B0082389E /* MainNavigationController */ = {
			isa = PBXGroup;
			children = (
				D98219D821EA83A50082389E /* MainNavigationController.swift */,
			);
			path = MainNavigationController;
			sourceTree = "<group>";
		};
		D98219DC21EA84790082389E /* Helpers */ = {
			isa = PBXGroup;
			children = (
				D98219DD21EA84900082389E /* StoryboardHelper.swift */,
			);
			path = Helpers;
			sourceTree = "<group>";
		};
		D98219DF21EBC6E20082389E /* MLModels */ = {
			isa = PBXGroup;
			children = (
				D98219E021EBC6FF0082389E /* PetsClassifier.mlmodel */,
			);
			path = MLModels;
			sourceTree = "<group>";
		};
		D98219EC21EBC8A30082389E /* Extensions */ = {
			isa = PBXGroup;
			children = (
				D98219ED21EBC8D50082389E /* String+Localizable.swift */,
				D98219EF21EBCBD60082389E /* CGImagePropertyOrientation.swift */,
			);
			path = Extensions;
			sourceTree = "<group>";
		};
/* End PBXGroup section */

/* Begin PBXNativeTarget section */
		D98219B621EA7EA50082389E /* CatorDog */ = {
			isa = PBXNativeTarget;
			buildConfigurationList = D98219C921EA7EA50082389E /* Build configuration list for PBXNativeTarget "CatorDog" */;
			buildPhases = (
				D98219B321EA7EA50082389E /* Sources */,
				D98219B421EA7EA50082389E /* Frameworks */,
				D98219B521EA7EA50082389E /* Resources */,
			);
			buildRules = (
			);
			dependencies = (
			);
			name = CatorDog;
			productName = CatorDog;
			productReference = D98219B721EA7EA50082389E /* CatorDog.app */;
			productType = "com.apple.product-type.application";
		};
/* End PBXNativeTarget section */

/* Begin PBXProject section */
		D98219AF21EA7EA50082389E /* Project object */ = {
			isa = PBXProject;
			attributes = {
				LastSwiftUpdateCheck = 1010;
				LastUpgradeCheck = 1010;
				ORGANIZATIONNAME = Booharin;
				TargetAttributes = {
					D98219B621EA7EA50082389E = {
						CreatedOnToolsVersion = 10.1;
					};
				};
			};
			buildConfigurationList = D98219B221EA7EA50082389E /* Build configuration list for PBXProject "CatorDog" */;
			compatibilityVersion = "Xcode 9.3";
			developmentRegion = en;
			hasScannedForEncodings = 0;
			knownRegions = (
				en,
				Base,
				ru,
			);
			mainGroup = D98219AE21EA7EA50082389E;
			productRefGroup = D98219B821EA7EA50082389E /* Products */;
			projectDirPath = "";
			projectRoot = "";
			targets = (
				D98219B621EA7EA50082389E /* CatorDog */,
			);
		};
/* End PBXProject section */

/* Begin PBXResourcesBuildPhase section */
		D98219B521EA7EA50082389E /* Resources */ = {
			isa = PBXResourcesBuildPhase;
			buildActionMask = 2147483647;
			files = (
				D98219C221EA7EA50082389E /* Assets.xcassets in Resources */,
				D98219E821EBC8470082389E /* Localizable.strings in Resources */,
				D98219C021EA7EA50082389E /* Main.storyboard in Resources */,
			);
			runOnlyForDeploymentPostprocessing = 0;
		};
/* End PBXResourcesBuildPhase section */

/* Begin PBXSourcesBuildPhase section */
		D98219B321EA7EA50082389E /* Sources */ = {
			isa = PBXSourcesBuildPhase;
			buildActionMask = 2147483647;
			files = (
				D98219D921EA83A50082389E /* MainNavigationController.swift in Sources */,
				D98219BB21EA7EA50082389E /* AppDelegate.swift in Sources */,
				D98219D221EA822D0082389E /* MainCoordinator.swift in Sources */,
				D98219DB21EA83DB0082389E /* MainViewController.swift in Sources */,
				D98219D421EA826E0082389E /* ApplicationCoordinator.swift in Sources */,
				D98219EE21EBC8D50082389E /* String+Localizable.swift in Sources */,
				D98219F021EBCBD60082389E /* CGImagePropertyOrientation.swift in Sources */,
				D98219DE21EA84900082389E /* StoryboardHelper.swift in Sources */,
				D98219D621EA82A00082389E /* BaseCoordinator.swift in Sources */,
				D98219E121EBC6FF0082389E /* PetsClassifier.mlmodel in Sources */,
			);
			runOnlyForDeploymentPostprocessing = 0;
		};
/* End PBXSourcesBuildPhase section */

/* Begin PBXVariantGroup section */
		D98219BE21EA7EA50082389E /* Main.storyboard */ = {
			isa = PBXVariantGroup;
			children = (
				D98219BF21EA7EA50082389E /* Base */,
			);
			name = Main.storyboard;
			sourceTree = "<group>";
		};
		D98219EA21EBC8470082389E /* Localizable.strings */ = {
			isa = PBXVariantGroup;
			children = (
				D98219E921EBC8470082389E /* ru */,
				D98219EB21EBC84B0082389E /* en */,
			);
			name = Localizable.strings;
			sourceTree = "<group>";
		};
/* End PBXVariantGroup section */

/* Begin XCBuildConfiguration section */
		D98219C721EA7EA50082389E /* Debug */ = {
			isa = XCBuildConfiguration;
			buildSettings = {
				ALWAYS_SEARCH_USER_PATHS = NO;
				CLANG_ANALYZER_LOCALIZABILITY_NONLOCALIZED = YES;
				CLANG_ANALYZER_NONNULL = YES;
				CLANG_ANALYZER_NUMBER_OBJECT_CONVERSION = YES_AGGRESSIVE;
				CLANG_CXX_LANGUAGE_STANDARD = "gnu++14";
				CLANG_CXX_LIBRARY = "libc++";
				CLANG_ENABLE_MODULES = YES;
				CLANG_ENABLE_OBJC_ARC = YES;
				CLANG_ENABLE_OBJC_WEAK = YES;
				CLANG_WARN_BLOCK_CAPTURE_AUTORELEASING = YES;
				CLANG_WARN_BOOL_CONVERSION = YES;
				CLANG_WARN_COMMA = YES;
				CLANG_WARN_CONSTANT_CONVERSION = YES;
				CLANG_WARN_DEPRECATED_OBJC_IMPLEMENTATIONS = YES;
				CLANG_WARN_DIRECT_OBJC_ISA_USAGE = YES_ERROR;
				CLANG_WARN_DOCUMENTATION_COMMENTS = YES;
				CLANG_WARN_EMPTY_BODY = YES;
				CLANG_WARN_ENUM_CONVERSION = YES;
				CLANG_WARN_INFINITE_RECURSION = YES;
				CLANG_WARN_INT_CONVERSION = YES;
				CLANG_WARN_NON_LITERAL_NULL_CONVERSION = YES;
				CLANG_WARN_OBJC_IMPLICIT_RETAIN_SELF = YES;
				CLANG_WARN_OBJC_LITERAL_CONVERSION = YES;
				CLANG_WARN_OBJC_ROOT_CLASS = YES_ERROR;
				CLANG_WARN_RANGE_LOOP_ANALYSIS = YES;
				CLANG_WARN_STRICT_PROTOTYPES = YES;
				CLANG_WARN_SUSPICIOUS_MOVE = YES;
				CLANG_WARN_UNGUARDED_AVAILABILITY = YES_AGGRESSIVE;
				CLANG_WARN_UNREACHABLE_CODE = YES;
				CLANG_WARN__DUPLICATE_METHOD_MATCH = YES;
				CODE_SIGN_IDENTITY = "iPhone Developer";
				COPY_PHASE_STRIP = NO;
				DEBUG_INFORMATION_FORMAT = dwarf;
				ENABLE_STRICT_OBJC_MSGSEND = YES;
				ENABLE_TESTABILITY = YES;
				GCC_C_LANGUAGE_STANDARD = gnu11;
				GCC_DYNAMIC_NO_PIC = NO;
				GCC_NO_COMMON_BLOCKS = YES;
				GCC_OPTIMIZATION_LEVEL = 0;
				GCC_PREPROCESSOR_DEFINITIONS = (
					"DEBUG=1",
					"$(inherited)",
				);
				GCC_WARN_64_TO_32_BIT_CONVERSION = YES;
				GCC_WARN_ABOUT_RETURN_TYPE = YES_ERROR;
				GCC_WARN_UNDECLARED_SELECTOR = YES;
				GCC_WARN_UNINITIALIZED_AUTOS = YES_AGGRESSIVE;
				GCC_WARN_UNUSED_FUNCTION = YES;
				GCC_WARN_UNUSED_VARIABLE = YES;
				IPHONEOS_DEPLOYMENT_TARGET = 12.1;
				MTL_ENABLE_DEBUG_INFO = INCLUDE_SOURCE;
				MTL_FAST_MATH = YES;
				ONLY_ACTIVE_ARCH = YES;
				SDKROOT = iphoneos;
				SWIFT_ACTIVE_COMPILATION_CONDITIONS = DEBUG;
				SWIFT_OPTIMIZATION_LEVEL = "-Onone";
			};
			name = Debug;
		};
		D98219C821EA7EA50082389E /* Release */ = {
			isa = XCBuildConfiguration;
			buildSettings = {
				ALWAYS_SEARCH_USER_PATHS = NO;
				CLANG_ANALYZER_LOCALIZABILITY_NONLOCALIZED = YES;
				CLANG_ANALYZER_NONNULL = YES;
				CLANG_ANALYZER_NUMBER_OBJECT_CONVERSION = YES_AGGRESSIVE;
				CLANG_CXX_LANGUAGE_STANDARD = "gnu++14";
				CLANG_CXX_LIBRARY = "libc++";
				CLANG_ENABLE_MODULES = YES;
				CLANG_ENABLE_OBJC_ARC = YES;
				CLANG_ENABLE_OBJC_WEAK = YES;
				CLANG_WARN_BLOCK_CAPTURE_AUTORELEASING = YES;
				CLANG_WARN_BOOL_CONVERSION = YES;
				CLANG_WARN_COMMA = YES;
				CLANG_WARN_CONSTANT_CONVERSION = YES;
				CLANG_WARN_DEPRECATED_OBJC_IMPLEMENTATIONS = YES;
				CLANG_WARN_DIRECT_OBJC_ISA_USAGE = YES_ERROR;
				CLANG_WARN_DOCUMENTATION_COMMENTS = YES;
				CLANG_WARN_EMPTY_BODY = YES;
				CLANG_WARN_ENUM_CONVERSION = YES;
				CLANG_WARN_INFINITE_RECURSION = YES;
				CLANG_WARN_INT_CONVERSION = YES;
				CLANG_WARN_NON_LITERAL_NULL_CONVERSION = YES;
				CLANG_WARN_OBJC_IMPLICIT_RETAIN_SELF = YES;
				CLANG_WARN_OBJC_LITERAL_CONVERSION = YES;
				CLANG_WARN_OBJC_ROOT_CLASS = YES_ERROR;
				CLANG_WARN_RANGE_LOOP_ANALYSIS = YES;
				CLANG_WARN_STRICT_PROTOTYPES = YES;
				CLANG_WARN_SUSPICIOUS_MOVE = YES;
				CLANG_WARN_UNGUARDED_AVAILABILITY = YES_AGGRESSIVE;
				CLANG_WARN_UNREACHABLE_CODE = YES;
				CLANG_WARN__DUPLICATE_METHOD_MATCH = YES;
				CODE_SIGN_IDENTITY = "iPhone Developer";
				COPY_PHASE_STRIP = NO;
				DEBUG_INFORMATION_FORMAT = "dwarf-with-dsym";
				ENABLE_NS_ASSERTIONS = NO;
				ENABLE_STRICT_OBJC_MSGSEND = YES;
				GCC_C_LANGUAGE_STANDARD = gnu11;
				GCC_NO_COMMON_BLOCKS = YES;
				GCC_WARN_64_TO_32_BIT_CONVERSION = YES;
				GCC_WARN_ABOUT_RETURN_TYPE = YES_ERROR;
				GCC_WARN_UNDECLARED_SELECTOR = YES;
				GCC_WARN_UNINITIALIZED_AUTOS = YES_AGGRESSIVE;
				GCC_WARN_UNUSED_FUNCTION = YES;
				GCC_WARN_UNUSED_VARIABLE = YES;
				IPHONEOS_DEPLOYMENT_TARGET = 12.1;
				MTL_ENABLE_DEBUG_INFO = NO;
				MTL_FAST_MATH = YES;
				SDKROOT = iphoneos;
				SWIFT_COMPILATION_MODE = wholemodule;
				SWIFT_OPTIMIZATION_LEVEL = "-O";
				VALIDATE_PRODUCT = YES;
			};
			name = Release;
		};
		D98219CA21EA7EA50082389E /* Debug */ = {
			isa = XCBuildConfiguration;
			buildSettings = {
				ASSETCATALOG_COMPILER_APPICON_NAME = AppIcon;
				CODE_SIGN_IDENTITY = "iPhone Distribution";
				CODE_SIGN_STYLE = Manual;
				DEVELOPMENT_TEAM = 62UUS6482X;
				INFOPLIST_FILE = CatorDog/Support/Info.plist;
				IPHONEOS_DEPLOYMENT_TARGET = 11.0;
				LD_RUNPATH_SEARCH_PATHS = (
					"$(inherited)",
					"@executable_path/Frameworks",
				);
				PRODUCT_BUNDLE_IDENTIFIER = com.booharinInc.CatorDog;
				PRODUCT_NAME = "$(TARGET_NAME)";
				PROVISIONING_PROFILE_SPECIFIER = CatorDog;
				SWIFT_VERSION = 4.2;
				TARGETED_DEVICE_FAMILY = "1,2";
			};
			name = Debug;
		};
		D98219CB21EA7EA50082389E /* Release */ = {
			isa = XCBuildConfiguration;
			buildSettings = {
				ASSETCATALOG_COMPILER_APPICON_NAME = AppIcon;
				CODE_SIGN_IDENTITY = "iPhone Distribution";
				CODE_SIGN_STYLE = Manual;
				DEVELOPMENT_TEAM = 62UUS6482X;
				INFOPLIST_FILE = CatorDog/Support/Info.plist;
				IPHONEOS_DEPLOYMENT_TARGET = 11.0;
				LD_RUNPATH_SEARCH_PATHS = (
					"$(inherited)",
					"@executable_path/Frameworks",
				);
				PRODUCT_BUNDLE_IDENTIFIER = com.booharinInc.CatorDog;
				PRODUCT_NAME = "$(TARGET_NAME)";
				PROVISIONING_PROFILE_SPECIFIER = CatorDog;
				SWIFT_VERSION = 4.2;
				TARGETED_DEVICE_FAMILY = "1,2";
			};
			name = Release;
		};
/* End XCBuildConfiguration section */

/* Begin XCConfigurationList section */
		D98219B221EA7EA50082389E /* Build configuration list for PBXProject "CatorDog" */ = {
			isa = XCConfigurationList;
			buildConfigurations = (
				D98219C721EA7EA50082389E /* Debug */,
				D98219C821EA7EA50082389E /* Release */,
			);
			defaultConfigurationIsVisible = 0;
			defaultConfigurationName = Release;
		};
		D98219C921EA7EA50082389E /* Build configuration list for PBXNativeTarget "CatorDog" */ = {
			isa = XCConfigurationList;
			buildConfigurations = (
				D98219CA21EA7EA50082389E /* Debug */,
				D98219CB21EA7EA50082389E /* Release */,
			);
			defaultConfigurationIsVisible = 0;
			defaultConfigurationName = Release;
		};
/* End XCConfigurationList section */
	};
	rootObject = D98219AF21EA7EA50082389E /* Project object */;
}
